
Microsoft Visual Studio Solution File, Format Version 12.00
# Visual Studio 15
Project("{FAE04EC0-301F-11D3-BF4B-00C04F79EFBC}") = "Hertzole.GoldPlayer", "Hertzole.GoldPlayer.csproj", "{C808FE62-0157-A57A-FA34-5F3CEB4E5BD8}"
EndProject
Project("{FAE04EC0-301F-11D3-BF4B-00C04F79EFBC}") = "Hertzole.GoldPlayer.Editor", "Hertzole.GoldPlayer.Editor.csproj", "{64682055-8CE6-540E-0FCF-DC410F4A7213}"
EndProject
Global
	GlobalSection(SolutionConfigurationPlatforms) = preSolution
		Debug|Any CPU = Debug|Any CPU
		Release|Any CPU = Release|Any CPU
	EndGlobalSection
	GlobalSection(ProjectConfigurationPlatforms) = postSolution
		{C808FE62-0157-A57A-FA34-5F3CEB4E5BD8}.Debug|Any CPU.ActiveCfg = Debug|Any CPU
		{C808FE62-0157-A57A-FA34-5F3CEB4E5BD8}.Debug|Any CPU.Build.0 = Debug|Any CPU
		{C808FE62-0157-A57A-FA34-5F3CEB4E5BD8}.Release|Any CPU.ActiveCfg = Release|Any CPU
		{C808FE62-0157-A57A-FA34-5F3CEB4E5BD8}.Release|Any CPU.Build.0 = Release|Any CPU
		{64682055-8CE6-540E-0FCF-DC410F4A7213}.Debug|Any CPU.ActiveCfg = Debug|Any CPU
		{64682055-8CE6-540E-0FCF-DC410F4A7213}.Debug|Any CPU.Build.0 = Debug|Any CPU
		{64682055-8CE6-540E-0FCF-DC410F4A7213}.Release|Any CPU.ActiveCfg = Release|Any CPU
		{64682055-8CE6-540E-0FCF-DC410F4A7213}.Release|Any CPU.Build.0 = Release|Any CPU
	EndGlobalSection
	GlobalSection(SolutionProperties) = preSolution
		HideSolutionNode = FALSE
	EndGlobalSection
EndGlobal
